
Microsoft Visual Studio Solution File, Format Version 12.00
# Visual Studio 15
VisualStudioVersion = 15.0.27428.2015
MinimumVisualStudioVersion = 10.0.40219.1
Project("{FAE04EC0-301F-11D3-BF4B-00C04F79EFBC}") = "CsvGeneratorExample", "CsvGeneratorExample\CsvGeneratorExample.csproj", "{4BD9E277-C51A-42D0-B60B-5A2CCFB84411}"
EndProject
Global
	GlobalSection(SolutionConfigurationPlatforms) = preSolution
		Debug|Any CPU = Debug|Any CPU
		Release|Any CPU = Release|Any CPU
	EndGlobalSection
	GlobalSection(ProjectConfigurationPlatforms) = postSolution
		{4BD9E277-C51A-42D0-B60B-5A2CCFB84411}.Debug|Any CPU.ActiveCfg = Debug|Any CPU
		{4BD9E277-C51A-42D0-B60B-5A2CCFB84411}.Debug|Any CPU.Build.0 = Debug|Any CPU
		{4BD9E277-C51A-42D0-B60B-5A2CCFB84411}.Release|Any CPU.ActiveCfg = Release|Any CPU
		{4BD9E277-C51A-42D0-B60B-5A2CCFB84411}.Release|Any CPU.Build.0 = Release|Any CPU
	EndGlobalSection
	GlobalSection(SolutionProperties) = preSolution
		HideSolutionNode = FALSE
	EndGlobalSection
	GlobalSection(ExtensibilityGlobals) = postSolution
		SolutionGuid = {3607AD99-1E4C-4708-A9AE-E823FC5D96A7}
	EndGlobalSection
EndGlobal
